
Microsoft Visual Studio Solution File, Format Version 12.00
# Visual Studio Version 17
VisualStudioVersion = 17.8.34330.188
MinimumVisualStudioVersion = 10.0.40219.1
Project("{FAE04EC0-301F-11D3-BF4B-00C04F79EFBC}") = "Clicker_game", "Clicker_game\Clicker_game.csproj", "{3CDCAEE7-0AF7-4CF0-BA4B-5D630E410F93}"
EndProject
Global
	GlobalSection(SolutionConfigurationPlatforms) = preSolution
		Debug|Any CPU = Debug|Any CPU
		Release|Any CPU = Release|Any CPU
	EndGlobalSection
	GlobalSection(ProjectConfigurationPlatforms) = postSolution
		{3CDCAEE7-0AF7-4CF0-BA4B-5D630E410F93}.Debug|Any CPU.ActiveCfg = Debug|Any CPU
		{3CDCAEE7-0AF7-4CF0-BA4B-5D630E410F93}.Debug|Any CPU.Build.0 = Debug|Any CPU
		{3CDCAEE7-0AF7-4CF0-BA4B-5D630E410F93}.Release|Any CPU.ActiveCfg = Release|Any CPU
		{3CDCAEE7-0AF7-4CF0-BA4B-5D630E410F93}.Release|Any CPU.Build.0 = Release|Any CPU
	EndGlobalSection
	GlobalSection(SolutionProperties) = preSolution
		HideSolutionNode = FALSE
	EndGlobalSection
	GlobalSection(ExtensibilityGlobals) = postSolution
		SolutionGuid = {DD2CDC8C-3319-4E55-AC5E-B4CA3F0852E7}
	EndGlobalSection
EndGlobal
